
Microsoft Visual Studio Solution File, Format Version 12.00
# Visual Studio Version 16
VisualStudioVersion = 16.0.31205.134
MinimumVisualStudioVersion = 10.0.40219.1
Project("{FAE04EC0-301F-11D3-BF4B-00C04F79EFBC}") = "Latex-Studienarbeit", "Latex-Studienarbeit\Latex-Studienarbeit.csproj", "{E4C6883B-92D0-4AB1-9F05-1FFFED31964C}"
EndProject
Global
	GlobalSection(SolutionConfigurationPlatforms) = preSolution
		Debug|Any CPU = Debug|Any CPU
		Release|Any CPU = Release|Any CPU
	EndGlobalSection
	GlobalSection(ProjectConfigurationPlatforms) = postSolution
		{E4C6883B-92D0-4AB1-9F05-1FFFED31964C}.Debug|Any CPU.ActiveCfg = Debug|Any CPU
		{E4C6883B-92D0-4AB1-9F05-1FFFED31964C}.Debug|Any CPU.Build.0 = Debug|Any CPU
		{E4C6883B-92D0-4AB1-9F05-1FFFED31964C}.Release|Any CPU.ActiveCfg = Release|Any CPU
		{E4C6883B-92D0-4AB1-9F05-1FFFED31964C}.Release|Any CPU.Build.0 = Release|Any CPU
	EndGlobalSection
	GlobalSection(SolutionProperties) = preSolution
		HideSolutionNode = FALSE
	EndGlobalSection
	GlobalSection(ExtensibilityGlobals) = postSolution
		SolutionGuid = {8D030209-8130-48C3-A52C-B6C9BB52C9D0}
	EndGlobalSection
EndGlobal
